// !$*UTF8*$!
{
	archiveVersion = 1;
	classes = {
	};
	objectVersion = 46;
	objects = {

/* Begin PBXBuildFile section */
		381DCA971C8B74000011ED2E /* btc_58.png in Resources */ = {isa = PBXBuildFile; fileRef = 381DCA961C8B74000011ED2E /* btc_58.png */; };
		384475321C8BB9F100D998D8 /* btc_logo.png in Resources */ = {isa = PBXBuildFile; fileRef = 384475311C8BB9F100D998D8 /* btc_logo.png */; };
		38AFBB351C8A59CF0004C834 /* AppDelegate.swift in Sources */ = {isa = PBXBuildFile; fileRef = 38AFBB341C8A59CF0004C834 /* AppDelegate.swift */; };
		38AFBB371C8A59CF0004C834 /* ViewController.swift in Sources */ = {isa = PBXBuildFile; fileRef = 38AFBB361C8A59CF0004C834 /* ViewController.swift */; };
		38AFBB3A1C8A59CF0004C834 /* Main.storyboard in Resources */ = {isa = PBXBuildFile; fileRef = 38AFBB381C8A59CF0004C834 /* Main.storyboard */; };
		38AFBB3F1C8A59CF0004C834 /* LaunchScreen.storyboard in Resources */ = {isa = PBXBuildFile; fileRef = 38AFBB3D1C8A59CF0004C834 /* LaunchScreen.storyboard */; };
		38DFB36B1C8B74CC00893229 /* btc_80.png in Resources */ = {isa = PBXBuildFile; fileRef = 38DFB36A1C8B74CC00893229 /* btc_80.png */; };
		38DFB36D1C8B75C700893229 /* Images-2.xcassets in Resources */ = {isa = PBXBuildFile; fileRef = 38DFB36C1C8B75C700893229 /* Images-2.xcassets */; };
		38DFB36F1C8B75D900893229 /* btc_180.png in Resources */ = {isa = PBXBuildFile; fileRef = 38DFB36E1C8B75D900893229 /* btc_180.png */; };
/* End PBXBuildFile section */

/* Begin PBXFileReference section */
		381DCA961C8B74000011ED2E /* btc_58.png */ = {isa = PBXFileReference; lastKnownFileType = image.png; path = btc_58.png; sourceTree = "<group>"; };
		384475311C8BB9F100D998D8 /* btc_logo.png */ = {isa = PBXFileReference; lastKnownFileType = image.png; path = btc_logo.png; sourceTree = "<group>"; };
		38AFBB311C8A59CF0004C834 /* bitcoinSummary.app */ = {isa = PBXFileReference; explicitFileType = wrapper.application; includeInIndex = 0; path = bitcoinSummary.app; sourceTree = BUILT_PRODUCTS_DIR; };
		38AFBB341C8A59CF0004C834 /* AppDelegate.swift */ = {isa = PBXFileReference; lastKnownFileType = sourcecode.swift; path = AppDelegate.swift; sourceTree = "<group>"; };
		38AFBB361C8A59CF0004C834 /* ViewController.swift */ = {isa = PBXFileReference; lastKnownFileType = sourcecode.swift; path = ViewController.swift; sourceTree = "<group>"; };
		38AFBB391C8A59CF0004C834 /* Base */ = {isa = PBXFileReference; lastKnownFileType = file.storyboard; name = Base; path = Base.lproj/Main.storyboard; sourceTree = "<group>"; };
		38AFBB3E1C8A59CF0004C834 /* Base */ = {isa = PBXFileReference; lastKnownFileType = file.storyboard; name = Base; path = Base.lproj/LaunchScreen.storyboard; sourceTree = "<group>"; };
		38AFBB401C8A59CF0004C834 /* Info.plist */ = {isa = PBXFileReference; lastKnownFileType = text.plist.xml; path = Info.plist; sourceTree = "<group>"; };
		38DFB36A1C8B74CC00893229 /* btc_80.png */ = {isa = PBXFileReference; lastKnownFileType = image.png; path = btc_80.png; sourceTree = "<group>"; };
		38DFB36C1C8B75C700893229 /* Images-2.xcassets */ = {isa = PBXFileReference; lastKnownFileType = folder.assetcatalog; path = "Images-2.xcassets"; sourceTree = "<group>"; };
		38DFB36E1C8B75D900893229 /* btc_180.png */ = {isa = PBXFileReference; lastKnownFileType = image.png; path = btc_180.png; sourceTree = "<group>"; };
/* End PBXFileReference section */

/* Begin PBXFrameworksBuildPhase section */
		38AFBB2E1C8A59CF0004C834 /* Frameworks */ = {
			isa = PBXFrameworksBuildPhase;
			buildActionMask = 2147483647;
			files = (
			);
			runOnlyForDeploymentPostprocessing = 0;
		};
/* End PBXFrameworksBuildPhase section */

/* Begin PBXGroup section */
		38AFBB281C8A59CE0004C834 = {
			isa = PBXGroup;
			children = (
				38AFBB331C8A59CF0004C834 /* bitcoinSummary */,
				38AFBB321C8A59CF0004C834 /* Products */,
			);
			sourceTree = "<group>";
		};
		38AFBB321C8A59CF0004C834 /* Products */ = {
			isa = PBXGroup;
			children = (
				38AFBB311C8A59CF0004C834 /* bitcoinSummary.app */,
			);
			name = Products;
			sourceTree = "<group>";
		};
		38AFBB331C8A59CF0004C834 /* bitcoinSummary */ = {
			isa = PBXGroup;
			children = (
				38AFBB341C8A59CF0004C834 /* AppDelegate.swift */,
				38AFBB361C8A59CF0004C834 /* ViewController.swift */,
				381DCA961C8B74000011ED2E /* btc_58.png */,
				384475311C8BB9F100D998D8 /* btc_logo.png */,
				38DFB36E1C8B75D900893229 /* btc_180.png */,
				38DFB36A1C8B74CC00893229 /* btc_80.png */,
				38AFBB381C8A59CF0004C834 /* Main.storyboard */,
				38AFBB3D1C8A59CF0004C834 /* LaunchScreen.storyboard */,
				38AFBB401C8A59CF0004C834 /* Info.plist */,
				38DFB36C1C8B75C700893229 /* Images-2.xcassets */,
			);
			path = bitcoinSummary;
			sourceTree = "<group>";
		};
/* End PBXGroup section */

/* Begin PBXNativeTarget section */
		38AFBB301C8A59CF0004C834 /* bitcoinSummary */ = {
			isa = PBXNativeTarget;
			buildConfigurationList = 38AFBB431C8A59CF0004C834 /* Build configuration list for PBXNativeTarget "bitcoinSummary" */;
			buildPhases = (
				38AFBB2D1C8A59CF0004C834 /* Sources */,
				38AFBB2E1C8A59CF0004C834 /* Frameworks */,
				38AFBB2F1C8A59CF0004C834 /* Resources */,
			);
			buildRules = (
			);
			dependencies = (
			);
			name = bitcoinSummary;
			productName = bitcoinSummary;
			productReference = 38AFBB311C8A59CF0004C834 /* bitcoinSummary.app */;
			productType = "com.apple.product-type.application";
		};
/* End PBXNativeTarget section */

/* Begin PBXProject section */
		38AFBB291C8A59CE0004C834 /* Project object */ = {
			isa = PBXProject;
			attributes = {
				LastSwiftUpdateCheck = 0730;
				LastUpgradeCheck = 0730;
				ORGANIZATIONNAME = "Julio Ahuactzin";
				TargetAttributes = {
					38AFBB301C8A59CF0004C834 = {
						CreatedOnToolsVersion = 7.3;
						DevelopmentTeam = KCNBNM3PV5;
					};
				};
			};
			buildConfigurationList = 38AFBB2C1C8A59CF0004C834 /* Build configuration list for PBXProject "bitcoinSummary" */;
			compatibilityVersion = "Xcode 3.2";
			developmentRegion = English;
			hasScannedForEncodings = 0;
			knownRegions = (
				en,
				Base,
			);
			mainGroup = 38AFBB281C8A59CE0004C834;
			productRefGroup = 38AFBB321C8A59CF0004C834 /* Products */;
			projectDirPath = "";
			projectRoot = "";
			targets = (
				38AFBB301C8A59CF0004C834 /* bitcoinSummary */,
			);
		};
/* End PBXProject section */

/* Begin PBXResourcesBuildPhase section */
		38AFBB2F1C8A59CF0004C834 /* Resources */ = {
			isa = PBXResourcesBuildPhase;
			buildActionMask = 2147483647;
			files = (
				38DFB36D1C8B75C700893229 /* Images-2.xcassets in Resources */,
				384475321C8BB9F100D998D8 /* btc_logo.png in Resources */,
				38AFBB3F1C8A59CF0004C834 /* LaunchScreen.storyboard in Resources */,
				38AFBB3A1C8A59CF0004C834 /* Main.storyboard in Resources */,
				381DCA971C8B74000011ED2E /* btc_58.png in Resources */,
				38DFB36B1C8B74CC00893229 /* btc_80.png in Resources */,
				38DFB36F1C8B75D900893229 /* btc_180.png in Resources */,
			);
			runOnlyForDeploymentPostprocessing = 0;
		};
/* End PBXResourcesBuildPhase section */

/* Begin PBXSourcesBuildPhase section */
		38AFBB2D1C8A59CF0004C834 /* Sources */ = {
			isa = PBXSourcesBuildPhase;
			buildActionMask = 2147483647;
			files = (
				38AFBB371C8A59CF0004C834 /* ViewController.swift in Sources */,
				38AFBB351C8A59CF0004C834 /* AppDelegate.swift in Sources */,
			);
			runOnlyForDeploymentPostprocessing = 0;
		};
/* End PBXSourcesBuildPhase section */

/* Begin PBXVariantGroup section */
		38AFBB381C8A59CF0004C834 /* Main.storyboard */ = {
			isa = PBXVariantGroup;
			children = (
				38AFBB391C8A59CF0004C834 /* Base */,
			);
			name = Main.storyboard;
			sourceTree = "<group>";
		};
		38AFBB3D1C8A59CF0004C834 /* LaunchScreen.storyboard */ = {
			isa = PBXVariantGroup;
			children = (
				38AFBB3E1C8A59CF0004C834 /* Base */,
			);
			name = LaunchScreen.storyboard;
			sourceTree = "<group>";
		};
/* End PBXVariantGroup section */

/* Begin XCBuildConfiguration section */
		38AFBB411C8A59CF0004C834 /* Debug */ = {
			isa = XCBuildConfiguration;
			buildSettings = {
				ALWAYS_SEARCH_USER_PATHS = NO;
				CLANG_ANALYZER_NONNULL = YES;
				CLANG_CXX_LANGUAGE_STANDARD = "gnu++0x";
				CLANG_CXX_LIBRARY = "libc++";
				CLANG_ENABLE_MODULES = YES;
				CLANG_ENABLE_OBJC_ARC = YES;
				CLANG_WARN_BOOL_CONVERSION = YES;
				CLANG_WARN_CONSTANT_CONVERSION = YES;
				CLANG_WARN_DIRECT_OBJC_ISA_USAGE = YES_ERROR;
				CLANG_WARN_EMPTY_BODY = YES;
				CLANG_WARN_ENUM_CONVERSION = YES;
				CLANG_WARN_INT_CONVERSION = YES;
				CLANG_WARN_OBJC_ROOT_CLASS = YES_ERROR;
				CLANG_WARN_UNREACHABLE_CODE = YES;
				CLANG_WARN__DUPLICATE_METHOD_MATCH = YES;
				"CODE_SIGN_IDENTITY[sdk=iphoneos*]" = "iPhone Developer";
				COPY_PHASE_STRIP = NO;
				DEBUG_INFORMATION_FORMAT = dwarf;
				ENABLE_STRICT_OBJC_MSGSEND = YES;
				ENABLE_TESTABILITY = YES;
				GCC_C_LANGUAGE_STANDARD = gnu99;
				GCC_DYNAMIC_NO_PIC = NO;
				GCC_NO_COMMON_BLOCKS = YES;
				GCC_OPTIMIZATION_LEVEL = 0;
				GCC_PREPROCESSOR_DEFINITIONS = (
					"DEBUG=1",
					"$(inherited)",
				);
				GCC_WARN_64_TO_32_BIT_CONVERSION = YES;
				GCC_WARN_ABOUT_RETURN_TYPE = YES_ERROR;
				GCC_WARN_UNDECLARED_SELECTOR = YES;
				GCC_WARN_UNINITIALIZED_AUTOS = YES_AGGRESSIVE;
				GCC_WARN_UNUSED_FUNCTION = YES;
				GCC_WARN_UNUSED_VARIABLE = YES;
				IPHONEOS_DEPLOYMENT_TARGET = 9.3;
				MTL_ENABLE_DEBUG_INFO = YES;
				ONLY_ACTIVE_ARCH = YES;
				SDKROOT = iphoneos;
				SWIFT_OPTIMIZATION_LEVEL = "-Onone";
			};
			name = Debug;
		};
		38AFBB421C8A59CF0004C834 /* Release */ = {
			isa = XCBuildConfiguration;
			buildSettings = {
				ALWAYS_SEARCH_USER_PATHS = NO;
				CLANG_ANALYZER_NONNULL = YES;
				CLANG_CXX_LANGUAGE_STANDARD = "gnu++0x";
				CLANG_CXX_LIBRARY = "libc++";
				CLANG_ENABLE_MODULES = YES;
				CLANG_ENABLE_OBJC_ARC = YES;
				CLANG_WARN_BOOL_CONVERSION = YES;
				CLANG_WARN_CONSTANT_CONVERSION = YES;
				CLANG_WARN_DIRECT_OBJC_ISA_USAGE = YES_ERROR;
				CLANG_WARN_EMPTY_BODY = YES;
				CLANG_WARN_ENUM_CONVERSION = YES;
				CLANG_WARN_INT_CONVERSION = YES;
				CLANG_WARN_OBJC_ROOT_CLASS = YES_ERROR;
				CLANG_WARN_UNREACHABLE_CODE = YES;
				CLANG_WARN__DUPLICATE_METHOD_MATCH = YES;
				"CODE_SIGN_IDENTITY[sdk=iphoneos*]" = "iPhone Developer";
				COPY_PHASE_STRIP = NO;
				DEBUG_INFORMATION_FORMAT = "dwarf-with-dsym";
				ENABLE_NS_ASSERTIONS = NO;
				ENABLE_STRICT_OBJC_MSGSEND = YES;
				GCC_C_LANGUAGE_STANDARD = gnu99;
				GCC_NO_COMMON_BLOCKS = YES;
				GCC_WARN_64_TO_32_BIT_CONVERSION = YES;
				GCC_WARN_ABOUT_RETURN_TYPE = YES_ERROR;
				GCC_WARN_UNDECLARED_SELECTOR = YES;
				GCC_WARN_UNINITIALIZED_AUTOS = YES_AGGRESSIVE;
				GCC_WARN_UNUSED_FUNCTION = YES;
				GCC_WARN_UNUSED_VARIABLE = YES;
				IPHONEOS_DEPLOYMENT_TARGET = 9.3;
				MTL_ENABLE_DEBUG_INFO = NO;
				SDKROOT = iphoneos;
				VALIDATE_PRODUCT = YES;
			};
			name = Release;
		};
		38AFBB441C8A59CF0004C834 /* Debug */ = {
			isa = XCBuildConfiguration;
			buildSettings = {
				ASSETCATALOG_COMPILER_APPICON_NAME = AppIcon;
				ASSETCATALOG_COMPILER_LAUNCHIMAGE_NAME = "Brand Assets";
				INFOPLIST_FILE = bitcoinSummary/Info.plist;
				LD_RUNPATH_SEARCH_PATHS = "$(inherited) @executable_path/Frameworks";
				PRODUCT_BUNDLE_IDENTIFIER = com.apps.bitcoinSummary;
				PRODUCT_NAME = "$(TARGET_NAME)";
			};
			name = Debug;
		};
		38AFBB451C8A59CF0004C834 /* Release */ = {
			isa = XCBuildConfiguration;
			buildSettings = {
				ASSETCATALOG_COMPILER_APPICON_NAME = AppIcon;
				ASSETCATALOG_COMPILER_LAUNCHIMAGE_NAME = "Brand Assets";
				INFOPLIST_FILE = bitcoinSummary/Info.plist;
				LD_RUNPATH_SEARCH_PATHS = "$(inherited) @executable_path/Frameworks";
				PRODUCT_BUNDLE_IDENTIFIER = com.apps.bitcoinSummary;
				PRODUCT_NAME = "$(TARGET_NAME)";
			};
			name = Release;
		};
/* End XCBuildConfiguration section */

/* Begin XCConfigurationList section */
		38AFBB2C1C8A59CF0004C834 /* Build configuration list for PBXProject "bitcoinSummary" */ = {
			isa = XCConfigurationList;
			buildConfigurations = (
				38AFBB411C8A59CF0004C834 /* Debug */,
				38AFBB421C8A59CF0004C834 /* Release */,
			);
			defaultConfigurationIsVisible = 0;
			defaultConfigurationName = Release;
		};
		38AFBB431C8A59CF0004C834 /* Build configuration list for PBXNativeTarget "bitcoinSummary" */ = {
			isa = XCConfigurationList;
			buildConfigurations = (
				38AFBB441C8A59CF0004C834 /* Debug */,
				38AFBB451C8A59CF0004C834 /* Release */,
			);
			defaultConfigurationIsVisible = 0;
			defaultConfigurationName = Release;
		};
/* End XCConfigurationList section */
	};
	rootObject = 38AFBB291C8A59CE0004C834 /* Project object */;
}
